// !$*UTF8*$!
{
	archiveVersion = 1;
	classes = {
	};
	objectVersion = 77;
	objects = {

/* Begin PBXBuildFile section */
		EF6A4F242D4E7B8F00350DF4 /* DGCharts in Frameworks */ = {isa = PBXBuildFile; productRef = EF6A4F232D4E7B8F00350DF4 /* DGCharts */; };
		EFCA21962D533CF20005280F /* cdtransactionExtention.swift in Sources */ = {isa = PBXBuildFile; fileRef = EFCA217C2D533CF20005280F /* cdtransactionExtention.swift */; };
		EFCA21972D533CF20005280F /* PersistentStorage.swift in Sources */ = {isa = PBXBuildFile; fileRef = EFCA217D2D533CF20005280F /* PersistentStorage.swift */; };
		EFCA21982D533CF20005280F /* TransactiomModel.swift in Sources */ = {isa = PBXBuildFile; fileRef = EFCA217E2D533CF20005280F /* TransactiomModel.swift */; };
		EFCA21992D533CF20005280F /* Transaction+CoreDataClass.swift in Sources */ = {isa = PBXBuildFile; fileRef = EFCA217F2D533CF20005280F /* Transaction+CoreDataClass.swift */; };
		EFCA219A2D533CF20005280F /* Transaction+CoreDataProperties.swift in Sources */ = {isa = PBXBuildFile; fileRef = EFCA21802D533CF20005280F /* Transaction+CoreDataProperties.swift */; };
		EFCA219B2D533CF20005280F /* TransactionManager.swift in Sources */ = {isa = PBXBuildFile; fileRef = EFCA21812D533CF20005280F /* TransactionManager.swift */; };
		EFCA219C2D533CF20005280F /* TransactionRepo.swift in Sources */ = {isa = PBXBuildFile; fileRef = EFCA21822D533CF20005280F /* TransactionRepo.swift */; };
		EFCA219D2D533CF20005280F /* addViewController.swift in Sources */ = {isa = PBXBuildFile; fileRef = EFCA21842D533CF20005280F /* addViewController.swift */; };
		EFCA219E2D533CF20005280F /* AppDelegate.swift in Sources */ = {isa = PBXBuildFile; fileRef = EFCA21852D533CF20005280F /* AppDelegate.swift */; };
		EFCA219F2D533CF20005280F /* ExpenseX.xcdatamodeld in Sources */ = {isa = PBXBuildFile; fileRef = EFCA21872D533CF20005280F /* ExpenseX.xcdatamodeld */; };
		EFCA21A02D533CF20005280F /* LoginViewController.swift in Sources */ = {isa = PBXBuildFile; fileRef = EFCA218B2D533CF20005280F /* LoginViewController.swift */; };
		EFCA21A12D533CF20005280F /* OverviewViewController.swift in Sources */ = {isa = PBXBuildFile; fileRef = EFCA218E2D533CF20005280F /* OverviewViewController.swift */; };
		EFCA21A22D533CF20005280F /* recemTranjectionTableViewCell.swift in Sources */ = {isa = PBXBuildFile; fileRef = EFCA218F2D533CF20005280F /* recemTranjectionTableViewCell.swift */; };
		EFCA21A32D533CF20005280F /* SceneDelegate.swift in Sources */ = {isa = PBXBuildFile; fileRef = EFCA21912D533CF20005280F /* SceneDelegate.swift */; };
		EFCA21A42D533CF20005280F /* TransactionViewController.swift in Sources */ = {isa = PBXBuildFile; fileRef = EFCA21922D533CF20005280F /* TransactionViewController.swift */; };
		EFCA21A52D533CF20005280F /* WellComeViewController.swift in Sources */ = {isa = PBXBuildFile; fileRef = EFCA21932D533CF20005280F /* WellComeViewController.swift */; };
		EFCA21A62D533CF20005280F /* Assets.xcassets in Resources */ = {isa = PBXBuildFile; fileRef = EFCA21862D533CF20005280F /* Assets.xcassets */; };
		EFCA21A82D533CF20005280F /* LaunchScreen.storyboard in Resources */ = {isa = PBXBuildFile; fileRef = EFCA218A2D533CF20005280F /* LaunchScreen.storyboard */; };
		EFCA21A92D533CF20005280F /* Main.storyboard in Resources */ = {isa = PBXBuildFile; fileRef = EFCA218D2D533CF20005280F /* Main.storyboard */; };
		EFCA21AA2D533CF20005280F /* recemTranjectionTableViewCell.xib in Resources */ = {isa = PBXBuildFile; fileRef = EFCA21902D533CF20005280F /* recemTranjectionTableViewCell.xib */; };
		EFCA220C2D533EF90005280F /* IQKeyboardManagerSwift in Frameworks */ = {isa = PBXBuildFile; productRef = EFCA220B2D533EF90005280F /* IQKeyboardManagerSwift */; };
		EFCA220E2D534B730005280F /* popUpViewController.swift in Sources */ = {isa = PBXBuildFile; fileRef = EFCA220D2D534B730005280F /* popUpViewController.swift */; };
/* End PBXBuildFile section */

/* Begin PBXFileReference section */
		EF5633922D4D48FE006A9689 /* ExpenseX.app */ = {isa = PBXFileReference; explicitFileType = wrapper.application; includeInIndex = 0; path = ExpenseX.app; sourceTree = BUILT_PRODUCTS_DIR; };
		EFCA217C2D533CF20005280F /* cdtransactionExtention.swift */ = {isa = PBXFileReference; lastKnownFileType = sourcecode.swift; path = cdtransactionExtention.swift; sourceTree = "<group>"; };
		EFCA217D2D533CF20005280F /* PersistentStorage.swift */ = {isa = PBXFileReference; lastKnownFileType = sourcecode.swift; path = PersistentStorage.swift; sourceTree = "<group>"; };
		EFCA217E2D533CF20005280F /* TransactiomModel.swift */ = {isa = PBXFileReference; lastKnownFileType = sourcecode.swift; path = TransactiomModel.swift; sourceTree = "<group>"; };
		EFCA217F2D533CF20005280F /* Transaction+CoreDataClass.swift */ = {isa = PBXFileReference; lastKnownFileType = sourcecode.swift; path = "Transaction+CoreDataClass.swift"; sourceTree = "<group>"; };
		EFCA21802D533CF20005280F /* Transaction+CoreDataProperties.swift */ = {isa = PBXFileReference; lastKnownFileType = sourcecode.swift; path = "Transaction+CoreDataProperties.swift"; sourceTree = "<group>"; };
		EFCA21812D533CF20005280F /* TransactionManager.swift */ = {isa = PBXFileReference; lastKnownFileType = sourcecode.swift; path = TransactionManager.swift; sourceTree = "<group>"; };
		EFCA21822D533CF20005280F /* TransactionRepo.swift */ = {isa = PBXFileReference; lastKnownFileType = sourcecode.swift; path = TransactionRepo.swift; sourceTree = "<group>"; };
		EFCA21842D533CF20005280F /* addViewController.swift */ = {isa = PBXFileReference; lastKnownFileType = sourcecode.swift; path = addViewController.swift; sourceTree = "<group>"; };
		EFCA21852D533CF20005280F /* AppDelegate.swift */ = {isa = PBXFileReference; lastKnownFileType = sourcecode.swift; path = AppDelegate.swift; sourceTree = "<group>"; };
		EFCA21862D533CF20005280F /* Assets.xcassets */ = {isa = PBXFileReference; lastKnownFileType = folder.assetcatalog; path = Assets.xcassets; sourceTree = "<group>"; };
		EFCA21882D533CF20005280F /* Info.plist */ = {isa = PBXFileReference; lastKnownFileType = text.plist.xml; path = Info.plist; sourceTree = "<group>"; };
		EFCA21892D533CF20005280F /* Base */ = {isa = PBXFileReference; lastKnownFileType = file.storyboard; name = Base; path = Base.lproj/LaunchScreen.storyboard; sourceTree = "<group>"; };
		EFCA218B2D533CF20005280F /* LoginViewController.swift */ = {isa = PBXFileReference; lastKnownFileType = sourcecode.swift; path = LoginViewController.swift; sourceTree = "<group>"; };
		EFCA218C2D533CF20005280F /* Base */ = {isa = PBXFileReference; lastKnownFileType = file.storyboard; name = Base; path = Base.lproj/Main.storyboard; sourceTree = "<group>"; };
		EFCA218E2D533CF20005280F /* OverviewViewController.swift */ = {isa = PBXFileReference; lastKnownFileType = sourcecode.swift; path = OverviewViewController.swift; sourceTree = "<group>"; };
		EFCA218F2D533CF20005280F /* recemTranjectionTableViewCell.swift */ = {isa = PBXFileReference; lastKnownFileType = sourcecode.swift; path = recemTranjectionTableViewCell.swift; sourceTree = "<group>"; };
		EFCA21902D533CF20005280F /* recemTranjectionTableViewCell.xib */ = {isa = PBXFileReference; lastKnownFileType = file.xib; path = recemTranjectionTableViewCell.xib; sourceTree = "<group>"; };
		EFCA21912D533CF20005280F /* SceneDelegate.swift */ = {isa = PBXFileReference; lastKnownFileType = sourcecode.swift; path = SceneDelegate.swift; sourceTree = "<group>"; };
		EFCA21922D533CF20005280F /* TransactionViewController.swift */ = {isa = PBXFileReference; lastKnownFileType = sourcecode.swift; path = TransactionViewController.swift; sourceTree = "<group>"; };
		EFCA21932D533CF20005280F /* WellComeViewController.swift */ = {isa = PBXFileReference; lastKnownFileType = sourcecode.swift; path = WellComeViewController.swift; sourceTree = "<group>"; };
		EFCA21952D533CF20005280F /* ExpenseX.xcdatamodel */ = {isa = PBXFileReference; lastKnownFileType = wrapper.xcdatamodel; path = ExpenseX.xcdatamodel; sourceTree = "<group>"; };
		EFCA220D2D534B730005280F /* popUpViewController.swift */ = {isa = PBXFileReference; lastKnownFileType = sourcecode.swift; path = popUpViewController.swift; sourceTree = "<group>"; };
/* End PBXFileReference section */

/* Begin PBXFrameworksBuildPhase section */
		EF56338F2D4D48FE006A9689 /* Frameworks */ = {
			isa = PBXFrameworksBuildPhase;
			buildActionMask = 2147483647;
			files = (
				EF6A4F242D4E7B8F00350DF4 /* DGCharts in Frameworks */,
				EFCA220C2D533EF90005280F /* IQKeyboardManagerSwift in Frameworks */,
			);
			runOnlyForDeploymentPostprocessing = 0;
		};
/* End PBXFrameworksBuildPhase section */

/* Begin PBXGroup section */
		EF5633892D4D48FE006A9689 = {
			isa = PBXGroup;
			children = (
				EFCA21942D533CF20005280F /* ExpenseX */,
				EF5633932D4D48FE006A9689 /* Products */,
			);
			sourceTree = "<group>";
		};
		EF5633932D4D48FE006A9689 /* Products */ = {
			isa = PBXGroup;
			children = (
				EF5633922D4D48FE006A9689 /* ExpenseX.app */,
			);
			name = Products;
			sourceTree = "<group>";
		};
		EFCA21832D533CF20005280F /* System */ = {
			isa = PBXGroup;
			children = (
				EFCA21BB2D533E790005280F /* resourse */,
				EFCA21B52D533DE40005280F /* Delegates */,
				EFCA21B42D533DD40005280F /* persistentStorage */,
			);
			path = System;
			sourceTree = "<group>";
		};
		EFCA21942D533CF20005280F /* ExpenseX */ = {
			isa = PBXGroup;
			children = (
				EFCA21AE2D533D250005280F /* Controler */,
				EFCA21AD2D533D1D0005280F /* Model */,
				EFCA21AC2D533D150005280F /* View */,
				EFCA21AB2D533D000005280F /* CoreData */,
				EFCA21832D533CF20005280F /* System */,
				EFCA21882D533CF20005280F /* Info.plist */,
			);
			path = ExpenseX;
			sourceTree = "<group>";
		};
		EFCA21AB2D533D000005280F /* CoreData */ = {
			isa = PBXGroup;
			children = (
				EFCA21872D533CF20005280F /* ExpenseX.xcdatamodeld */,
				EFCA21B22D533D7C0005280F /* coreDataManager */,
				EFCA21B12D533D720005280F /* coreDataRepository */,
				EFCA21B02D533D660005280F /* coreDataExtention */,
				EFCA21AF2D533D5A0005280F /* coreDataSupporFile */,
			);
			path = CoreData;
			sourceTree = "<group>";
		};
		EFCA21AC2D533D150005280F /* View */ = {
			isa = PBXGroup;
			children = (
				EFCA21BA2D533E4E0005280F /* lounchView */,
				EFCA21B92D533E450005280F /* mainView */,
				EFCA21B82D533E300005280F /* customXIBview */,
			);
			path = View;
			sourceTree = "<group>";
		};
		EFCA21AD2D533D1D0005280F /* Model */ = {
			isa = PBXGroup;
			children = (
				EFCA21B32D533DB40005280F /* transectionModel */,
			);
			path = Model;
			sourceTree = "<group>";
		};
		EFCA21AE2D533D250005280F /* Controler */ = {
			isa = PBXGroup;
			children = (
				EFCA21B72D533E140005280F /* customXIBControler */,
				EFCA21B62D533DFA0005280F /* viewControler */,
			);
			path = Controler;
			sourceTree = "<group>";
		};
		EFCA21AF2D533D5A0005280F /* coreDataSupporFile */ = {
			isa = PBXGroup;
			children = (
				EFCA21802D533CF20005280F /* Transaction+CoreDataProperties.swift */,
				EFCA217F2D533CF20005280F /* Transaction+CoreDataClass.swift */,
			);
			path = coreDataSupporFile;
			sourceTree = "<group>";
		};
		EFCA21B02D533D660005280F /* coreDataExtention */ = {
			isa = PBXGroup;
			children = (
				EFCA217C2D533CF20005280F /* cdtransactionExtention.swift */,
			);
			path = coreDataExtention;
			sourceTree = "<group>";
		};
		EFCA21B12D533D720005280F /* coreDataRepository */ = {
			isa = PBXGroup;
			children = (
				EFCA21822D533CF20005280F /* TransactionRepo.swift */,
			);
			path = coreDataRepository;
			sourceTree = "<group>";
		};
		EFCA21B22D533D7C0005280F /* coreDataManager */ = {
			isa = PBXGroup;
			children = (
				EFCA21812D533CF20005280F /* TransactionManager.swift */,
			);
			path = coreDataManager;
			sourceTree = "<group>";
		};
		EFCA21B32D533DB40005280F /* transectionModel */ = {
			isa = PBXGroup;
			children = (
				EFCA217E2D533CF20005280F /* TransactiomModel.swift */,
			);
			path = transectionModel;
			sourceTree = "<group>";
		};
		EFCA21B42D533DD40005280F /* persistentStorage */ = {
			isa = PBXGroup;
			children = (
				EFCA217D2D533CF20005280F /* PersistentStorage.swift */,
			);
			path = persistentStorage;
			sourceTree = "<group>";
		};
		EFCA21B52D533DE40005280F /* Delegates */ = {
			isa = PBXGroup;
			children = (
				EFCA21912D533CF20005280F /* SceneDelegate.swift */,
				EFCA21852D533CF20005280F /* AppDelegate.swift */,
			);
			path = Delegates;
			sourceTree = "<group>";
		};
		EFCA21B62D533DFA0005280F /* viewControler */ = {
			isa = PBXGroup;
			children = (
				EFCA21842D533CF20005280F /* addViewController.swift */,
				EFCA21932D533CF20005280F /* WellComeViewController.swift */,
				EFCA21922D533CF20005280F /* TransactionViewController.swift */,
				EFCA218E2D533CF20005280F /* OverviewViewController.swift */,
				EFCA218B2D533CF20005280F /* LoginViewController.swift */,
				EFCA220D2D534B730005280F /* popUpViewController.swift */,
			);
			path = viewControler;
			sourceTree = "<group>";
		};
		EFCA21B72D533E140005280F /* customXIBControler */ = {
			isa = PBXGroup;
			children = (
				EFCA218F2D533CF20005280F /* recemTranjectionTableViewCell.swift */,
			);
			path = customXIBControler;
			sourceTree = "<group>";
		};
		EFCA21B82D533E300005280F /* customXIBview */ = {
			isa = PBXGroup;
			children = (
				EFCA21902D533CF20005280F /* recemTranjectionTableViewCell.xib */,
			);
			path = customXIBview;
			sourceTree = "<group>";
		};
		EFCA21B92D533E450005280F /* mainView */ = {
			isa = PBXGroup;
			children = (
				EFCA218D2D533CF20005280F /* Main.storyboard */,
			);
			path = mainView;
			sourceTree = "<group>";
		};
		EFCA21BA2D533E4E0005280F /* lounchView */ = {
			isa = PBXGroup;
			children = (
				EFCA218A2D533CF20005280F /* LaunchScreen.storyboard */,
			);
			path = lounchView;
			sourceTree = "<group>";
		};
		EFCA21BB2D533E790005280F /* resourse */ = {
			isa = PBXGroup;
			children = (
				EFCA21862D533CF20005280F /* Assets.xcassets */,
			);
			path = resourse;
			sourceTree = "<group>";
		};
/* End PBXGroup section */

/* Begin PBXNativeTarget section */
		EF5633912D4D48FE006A9689 /* ExpenseX */ = {
			isa = PBXNativeTarget;
			buildConfigurationList = EF5633A82D4D48FF006A9689 /* Build configuration list for PBXNativeTarget "ExpenseX" */;
			buildPhases = (
				EF56338E2D4D48FE006A9689 /* Sources */,
				EF56338F2D4D48FE006A9689 /* Frameworks */,
				EF5633902D4D48FE006A9689 /* Resources */,
			);
			buildRules = (
			);
			dependencies = (
			);
			name = ExpenseX;
			packageProductDependencies = (
				EF6A4F232D4E7B8F00350DF4 /* DGCharts */,
				EFCA220B2D533EF90005280F /* IQKeyboardManagerSwift */,
			);
			productName = ExpenseX;
			productReference = EF5633922D4D48FE006A9689 /* ExpenseX.app */;
			productType = "com.apple.product-type.application";
		};
/* End PBXNativeTarget section */

/* Begin PBXProject section */
		EF56338A2D4D48FE006A9689 /* Project object */ = {
			isa = PBXProject;
			attributes = {
				BuildIndependentTargetsInParallel = 1;
				LastSwiftUpdateCheck = 1600;
				LastUpgradeCheck = 1600;
				TargetAttributes = {
					EF5633912D4D48FE006A9689 = {
						CreatedOnToolsVersion = 16.0;
					};
				};
			};
			buildConfigurationList = EF56338D2D4D48FE006A9689 /* Build configuration list for PBXProject "ExpenseX" */;
			developmentRegion = en;
			hasScannedForEncodings = 0;
			knownRegions = (
				en,
				Base,
			);
			mainGroup = EF5633892D4D48FE006A9689;
			minimizedProjectReferenceProxies = 1;
			packageReferences = (
				EF6A4F222D4E7B8F00350DF4 /* XCRemoteSwiftPackageReference "Charts" */,
				EFCA220A2D533EF90005280F /* XCRemoteSwiftPackageReference "IQKeyboardManager" */,
			);
			preferredProjectObjectVersion = 77;
			productRefGroup = EF5633932D4D48FE006A9689 /* Products */;
			projectDirPath = "";
			projectRoot = "";
			targets = (
				EF5633912D4D48FE006A9689 /* ExpenseX */,
			);
		};
/* End PBXProject section */

/* Begin PBXResourcesBuildPhase section */
		EF5633902D4D48FE006A9689 /* Resources */ = {
			isa = PBXResourcesBuildPhase;
			buildActionMask = 2147483647;
			files = (
				EFCA21A62D533CF20005280F /* Assets.xcassets in Resources */,
				EFCA21A82D533CF20005280F /* LaunchScreen.storyboard in Resources */,
				EFCA21A92D533CF20005280F /* Main.storyboard in Resources */,
				EFCA21AA2D533CF20005280F /* recemTranjectionTableViewCell.xib in Resources */,
			);
			runOnlyForDeploymentPostprocessing = 0;
		};
/* End PBXResourcesBuildPhase section */

/* Begin PBXSourcesBuildPhase section */
		EF56338E2D4D48FE006A9689 /* Sources */ = {
			isa = PBXSourcesBuildPhase;
			buildActionMask = 2147483647;
			files = (
				EFCA220E2D534B730005280F /* popUpViewController.swift in Sources */,
				EFCA21962D533CF20005280F /* cdtransactionExtention.swift in Sources */,
				EFCA21972D533CF20005280F /* PersistentStorage.swift in Sources */,
				EFCA21982D533CF20005280F /* TransactiomModel.swift in Sources */,
				EFCA21992D533CF20005280F /* Transaction+CoreDataClass.swift in Sources */,
				EFCA219A2D533CF20005280F /* Transaction+CoreDataProperties.swift in Sources */,
				EFCA219B2D533CF20005280F /* TransactionManager.swift in Sources */,
				EFCA219C2D533CF20005280F /* TransactionRepo.swift in Sources */,
				EFCA219D2D533CF20005280F /* addViewController.swift in Sources */,
				EFCA219E2D533CF20005280F /* AppDelegate.swift in Sources */,
				EFCA219F2D533CF20005280F /* ExpenseX.xcdatamodeld in Sources */,
				EFCA21A02D533CF20005280F /* LoginViewController.swift in Sources */,
				EFCA21A12D533CF20005280F /* OverviewViewController.swift in Sources */,
				EFCA21A22D533CF20005280F /* recemTranjectionTableViewCell.swift in Sources */,
				EFCA21A32D533CF20005280F /* SceneDelegate.swift in Sources */,
				EFCA21A42D533CF20005280F /* TransactionViewController.swift in Sources */,
				EFCA21A52D533CF20005280F /* WellComeViewController.swift in Sources */,
			);
			runOnlyForDeploymentPostprocessing = 0;
		};
/* End PBXSourcesBuildPhase section */

/* Begin PBXVariantGroup section */
		EFCA218A2D533CF20005280F /* LaunchScreen.storyboard */ = {
			isa = PBXVariantGroup;
			children = (
				EFCA21892D533CF20005280F /* Base */,
			);
			name = LaunchScreen.storyboard;
			sourceTree = "<group>";
		};
		EFCA218D2D533CF20005280F /* Main.storyboard */ = {
			isa = PBXVariantGroup;
			children = (
				EFCA218C2D533CF20005280F /* Base */,
			);
			name = Main.storyboard;
			sourceTree = "<group>";
		};
/* End PBXVariantGroup section */

/* Begin XCBuildConfiguration section */
		EF5633A92D4D48FF006A9689 /* Debug */ = {
			isa = XCBuildConfiguration;
			buildSettings = {
				ASSETCATALOG_COMPILER_APPICON_NAME = AppIcon;
				ASSETCATALOG_COMPILER_GLOBAL_ACCENT_COLOR_NAME = AccentColor;
				CODE_SIGN_STYLE = Automatic;
				CURRENT_PROJECT_VERSION = 1;
				GENERATE_INFOPLIST_FILE = YES;
				INFOPLIST_FILE = ExpenseX/Info.plist;
				INFOPLIST_KEY_UIApplicationSupportsIndirectInputEvents = YES;
				INFOPLIST_KEY_UILaunchStoryboardName = LaunchScreen;
				INFOPLIST_KEY_UIMainStoryboardFile = Main;
				INFOPLIST_KEY_UISupportedInterfaceOrientations_iPad = "UIInterfaceOrientationPortrait UIInterfaceOrientationPortraitUpsideDown UIInterfaceOrientationLandscapeLeft UIInterfaceOrientationLandscapeRight";
				INFOPLIST_KEY_UISupportedInterfaceOrientations_iPhone = "UIInterfaceOrientationPortrait UIInterfaceOrientationLandscapeLeft UIInterfaceOrientationLandscapeRight";
				LD_RUNPATH_SEARCH_PATHS = (
					"$(inherited)",
					"@executable_path/Frameworks",
				);
				MARKETING_VERSION = 1.0;
				PRODUCT_BUNDLE_IDENTIFIER = com.hello.ExpenseX;
				PRODUCT_NAME = "$(TARGET_NAME)";
				SWIFT_EMIT_LOC_STRINGS = YES;
				SWIFT_VERSION = 5.0;
				TARGETED_DEVICE_FAMILY = "1,2";
			};
			name = Debug;
		};
		EF5633AA2D4D48FF006A9689 /* Release */ = {
			isa = XCBuildConfiguration;
			buildSettings = {
				ASSETCATALOG_COMPILER_APPICON_NAME = AppIcon;
				ASSETCATALOG_COMPILER_GLOBAL_ACCENT_COLOR_NAME = AccentColor;
				CODE_SIGN_STYLE = Automatic;
				CURRENT_PROJECT_VERSION = 1;
				GENERATE_INFOPLIST_FILE = YES;
				INFOPLIST_FILE = ExpenseX/Info.plist;
				INFOPLIST_KEY_UIApplicationSupportsIndirectInputEvents = YES;
				INFOPLIST_KEY_UILaunchStoryboardName = LaunchScreen;
				INFOPLIST_KEY_UIMainStoryboardFile = Main;
				INFOPLIST_KEY_UISupportedInterfaceOrientations_iPad = "UIInterfaceOrientationPortrait UIInterfaceOrientationPortraitUpsideDown UIInterfaceOrientationLandscapeLeft UIInterfaceOrientationLandscapeRight";
				INFOPLIST_KEY_UISupportedInterfaceOrientations_iPhone = "UIInterfaceOrientationPortrait UIInterfaceOrientationLandscapeLeft UIInterfaceOrientationLandscapeRight";
				LD_RUNPATH_SEARCH_PATHS = (
					"$(inherited)",
					"@executable_path/Frameworks",
				);
				MARKETING_VERSION = 1.0;
				PRODUCT_BUNDLE_IDENTIFIER = com.hello.ExpenseX;
				PRODUCT_NAME = "$(TARGET_NAME)";
				SWIFT_EMIT_LOC_STRINGS = YES;
				SWIFT_VERSION = 5.0;
				TARGETED_DEVICE_FAMILY = "1,2";
			};
			name = Release;
		};
		EF5633AB2D4D48FF006A9689 /* Debug */ = {
			isa = XCBuildConfiguration;
			buildSettings = {
				ALWAYS_SEARCH_USER_PATHS = NO;
				ASSETCATALOG_COMPILER_GENERATE_SWIFT_ASSET_SYMBOL_EXTENSIONS = YES;
				CLANG_ANALYZER_NONNULL = YES;
				CLANG_ANALYZER_NUMBER_OBJECT_CONVERSION = YES_AGGRESSIVE;
				CLANG_CXX_LANGUAGE_STANDARD = "gnu++20";
				CLANG_ENABLE_MODULES = YES;
				CLANG_ENABLE_OBJC_ARC = YES;
				CLANG_ENABLE_OBJC_WEAK = YES;
				CLANG_WARN_BLOCK_CAPTURE_AUTORELEASING = YES;
				CLANG_WARN_BOOL_CONVERSION = YES;
				CLANG_WARN_COMMA = YES;
				CLANG_WARN_CONSTANT_CONVERSION = YES;
				CLANG_WARN_DEPRECATED_OBJC_IMPLEMENTATIONS = YES;
				CLANG_WARN_DIRECT_OBJC_ISA_USAGE = YES_ERROR;
				CLANG_WARN_DOCUMENTATION_COMMENTS = YES;
				CLANG_WARN_EMPTY_BODY = YES;
				CLANG_WARN_ENUM_CONVERSION = YES;
				CLANG_WARN_INFINITE_RECURSION = YES;
				CLANG_WARN_INT_CONVERSION = YES;
				CLANG_WARN_NON_LITERAL_NULL_CONVERSION = YES;
				CLANG_WARN_OBJC_IMPLICIT_RETAIN_SELF = YES;
				CLANG_WARN_OBJC_LITERAL_CONVERSION = YES;
				CLANG_WARN_OBJC_ROOT_CLASS = YES_ERROR;
				CLANG_WARN_QUOTED_INCLUDE_IN_FRAMEWORK_HEADER = YES;
				CLANG_WARN_RANGE_LOOP_ANALYSIS = YES;
				CLANG_WARN_STRICT_PROTOTYPES = YES;
				CLANG_WARN_SUSPICIOUS_MOVE = YES;
				CLANG_WARN_UNGUARDED_AVAILABILITY = YES_AGGRESSIVE;
				CLANG_WARN_UNREACHABLE_CODE = YES;
				CLANG_WARN__DUPLICATE_METHOD_MATCH = YES;
				COPY_PHASE_STRIP = NO;
				DEBUG_INFORMATION_FORMAT = dwarf;
				ENABLE_STRICT_OBJC_MSGSEND = YES;
				ENABLE_TESTABILITY = YES;
				ENABLE_USER_SCRIPT_SANDBOXING = YES;
				GCC_C_LANGUAGE_STANDARD = gnu17;
				GCC_DYNAMIC_NO_PIC = NO;
				GCC_NO_COMMON_BLOCKS = YES;
				GCC_OPTIMIZATION_LEVEL = 0;
				GCC_PREPROCESSOR_DEFINITIONS = (
					"DEBUG=1",
					"$(inherited)",
				);
				GCC_WARN_64_TO_32_BIT_CONVERSION = YES;
				GCC_WARN_ABOUT_RETURN_TYPE = YES_ERROR;
				GCC_WARN_UNDECLARED_SELECTOR = YES;
				GCC_WARN_UNINITIALIZED_AUTOS = YES_AGGRESSIVE;
				GCC_WARN_UNUSED_FUNCTION = YES;
				GCC_WARN_UNUSED_VARIABLE = YES;
				IPHONEOS_DEPLOYMENT_TARGET = 18.0;
				LOCALIZATION_PREFERS_STRING_CATALOGS = YES;
				MTL_ENABLE_DEBUG_INFO = INCLUDE_SOURCE;
				MTL_FAST_MATH = YES;
				ONLY_ACTIVE_ARCH = YES;
				SDKROOT = iphoneos;
				SWIFT_ACTIVE_COMPILATION_CONDITIONS = "DEBUG $(inherited)";
				SWIFT_OPTIMIZATION_LEVEL = "-Onone";
			};
			name = Debug;
		};
		EF5633AC2D4D48FF006A9689 /* Release */ = {
			isa = XCBuildConfiguration;
			buildSettings = {
				ALWAYS_SEARCH_USER_PATHS = NO;
				ASSETCATALOG_COMPILER_GENERATE_SWIFT_ASSET_SYMBOL_EXTENSIONS = YES;
				CLANG_ANALYZER_NONNULL = YES;
				CLANG_ANALYZER_NUMBER_OBJECT_CONVERSION = YES_AGGRESSIVE;
				CLANG_CXX_LANGUAGE_STANDARD = "gnu++20";
				CLANG_ENABLE_MODULES = YES;
				CLANG_ENABLE_OBJC_ARC = YES;
				CLANG_ENABLE_OBJC_WEAK = YES;
				CLANG_WARN_BLOCK_CAPTURE_AUTORELEASING = YES;
				CLANG_WARN_BOOL_CONVERSION = YES;
				CLANG_WARN_COMMA = YES;
				CLANG_WARN_CONSTANT_CONVERSION = YES;
				CLANG_WARN_DEPRECATED_OBJC_IMPLEMENTATIONS = YES;
				CLANG_WARN_DIRECT_OBJC_ISA_USAGE = YES_ERROR;
				CLANG_WARN_DOCUMENTATION_COMMENTS = YES;
				CLANG_WARN_EMPTY_BODY = YES;
				CLANG_WARN_ENUM_CONVERSION = YES;
				CLANG_WARN_INFINITE_RECURSION = YES;
				CLANG_WARN_INT_CONVERSION = YES;
				CLANG_WARN_NON_LITERAL_NULL_CONVERSION = YES;
				CLANG_WARN_OBJC_IMPLICIT_RETAIN_SELF = YES;
				CLANG_WARN_OBJC_LITERAL_CONVERSION = YES;
				CLANG_WARN_OBJC_ROOT_CLASS = YES_ERROR;
				CLANG_WARN_QUOTED_INCLUDE_IN_FRAMEWORK_HEADER = YES;
				CLANG_WARN_RANGE_LOOP_ANALYSIS = YES;
				CLANG_WARN_STRICT_PROTOTYPES = YES;
				CLANG_WARN_SUSPICIOUS_MOVE = YES;
				CLANG_WARN_UNGUARDED_AVAILABILITY = YES_AGGRESSIVE;
				CLANG_WARN_UNREACHABLE_CODE = YES;
				CLANG_WARN__DUPLICATE_METHOD_MATCH = YES;
				COPY_PHASE_STRIP = NO;
				DEBUG_INFORMATION_FORMAT = "dwarf-with-dsym";
				ENABLE_NS_ASSERTIONS = NO;
				ENABLE_STRICT_OBJC_MSGSEND = YES;
				ENABLE_USER_SCRIPT_SANDBOXING = YES;
				GCC_C_LANGUAGE_STANDARD = gnu17;
				GCC_NO_COMMON_BLOCKS = YES;
				GCC_WARN_64_TO_32_BIT_CONVERSION = YES;
				GCC_WARN_ABOUT_RETURN_TYPE = YES_ERROR;
				GCC_WARN_UNDECLARED_SELECTOR = YES;
				GCC_WARN_UNINITIALIZED_AUTOS = YES_AGGRESSIVE;
				GCC_WARN_UNUSED_FUNCTION = YES;
				GCC_WARN_UNUSED_VARIABLE = YES;
				IPHONEOS_DEPLOYMENT_TARGET = 18.0;
				LOCALIZATION_PREFERS_STRING_CATALOGS = YES;
				MTL_ENABLE_DEBUG_INFO = NO;
				MTL_FAST_MATH = YES;
				SDKROOT = iphoneos;
				SWIFT_COMPILATION_MODE = wholemodule;
				VALIDATE_PRODUCT = YES;
			};
			name = Release;
		};
/* End XCBuildConfiguration section */

/* Begin XCConfigurationList section */
		EF56338D2D4D48FE006A9689 /* Build configuration list for PBXProject "ExpenseX" */ = {
			isa = XCConfigurationList;
			buildConfigurations = (
				EF5633AB2D4D48FF006A9689 /* Debug */,
				EF5633AC2D4D48FF006A9689 /* Release */,
			);
			defaultConfigurationIsVisible = 0;
			defaultConfigurationName = Release;
		};
		EF5633A82D4D48FF006A9689 /* Build configuration list for PBXNativeTarget "ExpenseX" */ = {
			isa = XCConfigurationList;
			buildConfigurations = (
				EF5633A92D4D48FF006A9689 /* Debug */,
				EF5633AA2D4D48FF006A9689 /* Release */,
			);
			defaultConfigurationIsVisible = 0;
			defaultConfigurationName = Release;
		};
/* End XCConfigurationList section */

/* Begin XCRemoteSwiftPackageReference section */
		EF6A4F222D4E7B8F00350DF4 /* XCRemoteSwiftPackageReference "Charts" */ = {
			isa = XCRemoteSwiftPackageReference;
			repositoryURL = "https://github.com/danielgindi/Charts.git";
			requirement = {
				kind = upToNextMajorVersion;
				minimumVersion = 5.1.0;
			};
		};
		EFCA220A2D533EF90005280F /* XCRemoteSwiftPackageReference "IQKeyboardManager" */ = {
			isa = XCRemoteSwiftPackageReference;
			repositoryURL = "https://github.com/hackiftekhar/IQKeyboardManager.git";
			requirement = {
				kind = upToNextMajorVersion;
				minimumVersion = 8.0.0;
			};
		};
/* End XCRemoteSwiftPackageReference section */

/* Begin XCSwiftPackageProductDependency section */
		EF6A4F232D4E7B8F00350DF4 /* DGCharts */ = {
			isa = XCSwiftPackageProductDependency;
			package = EF6A4F222D4E7B8F00350DF4 /* XCRemoteSwiftPackageReference "Charts" */;
			productName = DGCharts;
		};
		EFCA220B2D533EF90005280F /* IQKeyboardManagerSwift */ = {
			isa = XCSwiftPackageProductDependency;
			package = EFCA220A2D533EF90005280F /* XCRemoteSwiftPackageReference "IQKeyboardManager" */;
			productName = IQKeyboardManagerSwift;
		};
/* End XCSwiftPackageProductDependency section */

/* Begin XCVersionGroup section */
		EFCA21872D533CF20005280F /* ExpenseX.xcdatamodeld */ = {
			isa = XCVersionGroup;
			children = (
				EFCA21952D533CF20005280F /* ExpenseX.xcdatamodel */,
			);
			currentVersion = EFCA21952D533CF20005280F /* ExpenseX.xcdatamodel */;
			path = ExpenseX.xcdatamodeld;
			sourceTree = "<group>";
			versionGroupType = wrapper.xcdatamodel;
		};
/* End XCVersionGroup section */
	};
	rootObject = EF56338A2D4D48FE006A9689 /* Project object */;
}
